// !$*UTF8*$!
{
	archiveVersion = 1;
	classes = {
	};
	objectVersion = 77;
	objects = {

/* Begin PBXBuildFile section */
		1D3E0A18D883918239508250 /* Pods_YandexMapKitSwiftUI_YandexMapKitSwiftUIUITests.framework in Frameworks */ = {isa = PBXBuildFile; fileRef = ED9537154E9517D13B46A637 /* Pods_YandexMapKitSwiftUI_YandexMapKitSwiftUIUITests.framework */; };
		75183D59538901EDFFE0EF99 /* Pods_YandexMapKitSwiftUITests.framework in Frameworks */ = {isa = PBXBuildFile; fileRef = FF9CFFBA653839EB7FE1D9A8 /* Pods_YandexMapKitSwiftUITests.framework */; };
		E4EB4F6FF1C7BD2C764766E1 /* Pods_YandexMapKitSwiftUI.framework in Frameworks */ = {isa = PBXBuildFile; fileRef = 48022905A67C130A94AF0940 /* Pods_YandexMapKitSwiftUI.framework */; };
/* End PBXBuildFile section */

/* Begin PBXContainerItemProxy section */
		3CDD95B02F56A33C0000C8AA /* PBXContainerItemProxy */ = {
			isa = PBXContainerItemProxy;
			containerPortal = 3CDD959A2F56A33A0000C8AA /* Project object */;
			proxyType = 1;
			remoteGlobalIDString = 3CDD95A12F56A33A0000C8AA;
			remoteInfo = YandexMapKitSwiftUI;
		};
		3CDD95BA2F56A33C0000C8AA /* PBXContainerItemProxy */ = {
			isa = PBXContainerItemProxy;
			containerPortal = 3CDD959A2F56A33A0000C8AA /* Project object */;
			proxyType = 1;
			remoteGlobalIDString = 3CDD95A12F56A33A0000C8AA;
			remoteInfo = YandexMapKitSwiftUI;
		};
/* End PBXContainerItemProxy section */

/* Begin PBXFileReference section */
		082EF3447C410366EE7D53C1 /* Pods-YandexMapKitSwiftUI.debug.xcconfig */ = {isa = PBXFileReference; includeInIndex = 1; lastKnownFileType = text.xcconfig; name = "Pods-YandexMapKitSwiftUI.debug.xcconfig"; path = "Target Support Files/Pods-YandexMapKitSwiftUI/Pods-YandexMapKitSwiftUI.debug.xcconfig"; sourceTree = "<group>"; };
		3CDD95A22F56A33A0000C8AA /* YandexMapKitSwiftUI.app */ = {isa = PBXFileReference; explicitFileType = wrapper.application; includeInIndex = 0; path = YandexMapKitSwiftUI.app; sourceTree = BUILT_PRODUCTS_DIR; };
		3CDD95AF2F56A33C0000C8AA /* YandexMapKitSwiftUITests.xctest */ = {isa = PBXFileReference; explicitFileType = wrapper.cfbundle; includeInIndex = 0; path = YandexMapKitSwiftUITests.xctest; sourceTree = BUILT_PRODUCTS_DIR; };
		3CDD95B92F56A33C0000C8AA /* YandexMapKitSwiftUIUITests.xctest */ = {isa = PBXFileReference; explicitFileType = wrapper.cfbundle; includeInIndex = 0; path = YandexMapKitSwiftUIUITests.xctest; sourceTree = BUILT_PRODUCTS_DIR; };
		470AA2831BD2AB99B2E4E708 /* Pods-YandexMapKitSwiftUITests.debug.xcconfig */ = {isa = PBXFileReference; includeInIndex = 1; lastKnownFileType = text.xcconfig; name = "Pods-YandexMapKitSwiftUITests.debug.xcconfig"; path = "Target Support Files/Pods-YandexMapKitSwiftUITests/Pods-YandexMapKitSwiftUITests.debug.xcconfig"; sourceTree = "<group>"; };
		48022905A67C130A94AF0940 /* Pods_YandexMapKitSwiftUI.framework */ = {isa = PBXFileReference; explicitFileType = wrapper.framework; includeInIndex = 0; path = Pods_YandexMapKitSwiftUI.framework; sourceTree = BUILT_PRODUCTS_DIR; };
		54BB391EF2778D3382268862 /* Pods-YandexMapKitSwiftUI.release.xcconfig */ = {isa = PBXFileReference; includeInIndex = 1; lastKnownFileType = text.xcconfig; name = "Pods-YandexMapKitSwiftUI.release.xcconfig"; path = "Target Support Files/Pods-YandexMapKitSwiftUI/Pods-YandexMapKitSwiftUI.release.xcconfig"; sourceTree = "<group>"; };
		61F14F3BDE36AE111D28B722 /* Pods-YandexMapKitSwiftUI-YandexMapKitSwiftUIUITests.debug.xcconfig */ = {isa = PBXFileReference; includeInIndex = 1; lastKnownFileType = text.xcconfig; name = "Pods-YandexMapKitSwiftUI-YandexMapKitSwiftUIUITests.debug.xcconfig"; path = "Target Support Files/Pods-YandexMapKitSwiftUI-YandexMapKitSwiftUIUITests/Pods-YandexMapKitSwiftUI-YandexMapKitSwiftUIUITests.debug.xcconfig"; sourceTree = "<group>"; };
		7198E4BF7C3CF2C0D9E22E89 /* Pods-YandexMapKitSwiftUITests.release.xcconfig */ = {isa = PBXFileReference; includeInIndex = 1; lastKnownFileType = text.xcconfig; name = "Pods-YandexMapKitSwiftUITests.release.xcconfig"; path = "Target Support Files/Pods-YandexMapKitSwiftUITests/Pods-YandexMapKitSwiftUITests.release.xcconfig"; sourceTree = "<group>"; };
		D023FB3AB00DE9A651C1337B /* Pods-YandexMapKitSwiftUI-YandexMapKitSwiftUIUITests.release.xcconfig */ = {isa = PBXFileReference; includeInIndex = 1; lastKnownFileType = text.xcconfig; name = "Pods-YandexMapKitSwiftUI-YandexMapKitSwiftUIUITests.release.xcconfig"; path = "Target Support Files/Pods-YandexMapKitSwiftUI-YandexMapKitSwiftUIUITests/Pods-YandexMapKitSwiftUI-YandexMapKitSwiftUIUITests.release.xcconfig"; sourceTree = "<group>"; };
		ED9537154E9517D13B46A637 /* Pods_YandexMapKitSwiftUI_YandexMapKitSwiftUIUITests.framework */ = {isa = PBXFileReference; explicitFileType = wrapper.framework; includeInIndex = 0; path = Pods_YandexMapKitSwiftUI_YandexMapKitSwiftUIUITests.framework; sourceTree = BUILT_PRODUCTS_DIR; };
		FF9CFFBA653839EB7FE1D9A8 /* Pods_YandexMapKitSwiftUITests.framework */ = {isa = PBXFileReference; explicitFileType = wrapper.framework; includeInIndex = 0; path = Pods_YandexMapKitSwiftUITests.framework; sourceTree = BUILT_PRODUCTS_DIR; };
/* End PBXFileReference section */

/* Begin PBXFileSystemSynchronizedBuildFileExceptionSet section */
		3CDD96A82F56C43B0000C8AA /* Exceptions for "YandexMapKitSwiftUI" folder in "YandexMapKitSwiftUI" target */ = {
			isa = PBXFileSystemSynchronizedBuildFileExceptionSet;
			membershipExceptions = (
				Info.plist,
			);
			target = 3CDD95A12F56A33A0000C8AA /* YandexMapKitSwiftUI */;
		};
/* End PBXFileSystemSynchronizedBuildFileExceptionSet section */

/* Begin PBXFileSystemSynchronizedRootGroup section */
		3CDD95A42F56A33A0000C8AA /* YandexMapKitSwiftUI */ = {
			isa = PBXFileSystemSynchronizedRootGroup;
			exceptions = (
				3CDD96A82F56C43B0000C8AA /* Exceptions for "YandexMapKitSwiftUI" folder in "YandexMapKitSwiftUI" target */,
			);
			path = YandexMapKitSwiftUI;
			sourceTree = "<group>";
		};
		3CDD95B22F56A33C0000C8AA /* YandexMapKitSwiftUITests */ = {
			isa = PBXFileSystemSynchronizedRootGroup;
			path = YandexMapKitSwiftUITests;
			sourceTree = "<group>";
		};
		3CDD95BC2F56A33C0000C8AA /* YandexMapKitSwiftUIUITests */ = {
			isa = PBXFileSystemSynchronizedRootGroup;
			path = YandexMapKitSwiftUIUITests;
			sourceTree = "<group>";
		};
/* End PBXFileSystemSynchronizedRootGroup section */

/* Begin PBXFrameworksBuildPhase section */
		3CDD959F2F56A33A0000C8AA /* Frameworks */ = {
			isa = PBXFrameworksBuildPhase;
			buildActionMask = 2147483647;
			files = (
				E4EB4F6FF1C7BD2C764766E1 /* Pods_YandexMapKitSwiftUI.framework in Frameworks */,
			);
			runOnlyForDeploymentPostprocessing = 0;
		};
		3CDD95AC2F56A33C0000C8AA /* Frameworks */ = {
			isa = PBXFrameworksBuildPhase;
			buildActionMask = 2147483647;
			files = (
				75183D59538901EDFFE0EF99 /* Pods_YandexMapKitSwiftUITests.framework in Frameworks */,
			);
			runOnlyForDeploymentPostprocessing = 0;
		};
		3CDD95B62F56A33C0000C8AA /* Frameworks */ = {
			isa = PBXFrameworksBuildPhase;
			buildActionMask = 2147483647;
			files = (
				1D3E0A18D883918239508250 /* Pods_YandexMapKitSwiftUI_YandexMapKitSwiftUIUITests.framework in Frameworks */,
			);
			runOnlyForDeploymentPostprocessing = 0;
		};
/* End PBXFrameworksBuildPhase section */

/* Begin PBXGroup section */
		3917AD543F101CE69F444AA4 /* Frameworks */ = {
			isa = PBXGroup;
			children = (
				48022905A67C130A94AF0940 /* Pods_YandexMapKitSwiftUI.framework */,
				ED9537154E9517D13B46A637 /* Pods_YandexMapKitSwiftUI_YandexMapKitSwiftUIUITests.framework */,
				FF9CFFBA653839EB7FE1D9A8 /* Pods_YandexMapKitSwiftUITests.framework */,
			);
			name = Frameworks;
			sourceTree = "<group>";
		};
		3CDD95992F56A33A0000C8AA = {
			isa = PBXGroup;
			children = (
				3CDD95A42F56A33A0000C8AA /* YandexMapKitSwiftUI */,
				3CDD95B22F56A33C0000C8AA /* YandexMapKitSwiftUITests */,
				3CDD95BC2F56A33C0000C8AA /* YandexMapKitSwiftUIUITests */,
				3CDD95A32F56A33A0000C8AA /* Products */,
				86FF9C4D84CC1FA696BD06C0 /* Pods */,
				3917AD543F101CE69F444AA4 /* Frameworks */,
			);
			sourceTree = "<group>";
		};
		3CDD95A32F56A33A0000C8AA /* Products */ = {
			isa = PBXGroup;
			children = (
				3CDD95A22F56A33A0000C8AA /* YandexMapKitSwiftUI.app */,
				3CDD95AF2F56A33C0000C8AA /* YandexMapKitSwiftUITests.xctest */,
				3CDD95B92F56A33C0000C8AA /* YandexMapKitSwiftUIUITests.xctest */,
			);
			name = Products;
			sourceTree = "<group>";
		};
		86FF9C4D84CC1FA696BD06C0 /* Pods */ = {
			isa = PBXGroup;
			children = (
				082EF3447C410366EE7D53C1 /* Pods-YandexMapKitSwiftUI.debug.xcconfig */,
				54BB391EF2778D3382268862 /* Pods-YandexMapKitSwiftUI.release.xcconfig */,
				61F14F3BDE36AE111D28B722 /* Pods-YandexMapKitSwiftUI-YandexMapKitSwiftUIUITests.debug.xcconfig */,
				D023FB3AB00DE9A651C1337B /* Pods-YandexMapKitSwiftUI-YandexMapKitSwiftUIUITests.release.xcconfig */,
				470AA2831BD2AB99B2E4E708 /* Pods-YandexMapKitSwiftUITests.debug.xcconfig */,
				7198E4BF7C3CF2C0D9E22E89 /* Pods-YandexMapKitSwiftUITests.release.xcconfig */,
			);
			path = Pods;
			sourceTree = "<group>";
		};
/* End PBXGroup section */

/* Begin PBXNativeTarget section */
		3CDD95A12F56A33A0000C8AA /* YandexMapKitSwiftUI */ = {
			isa = PBXNativeTarget;
			buildConfigurationList = 3CDD95C32F56A33C0000C8AA /* Build configuration list for PBXNativeTarget "YandexMapKitSwiftUI" */;
			buildPhases = (
				D03D7D88039C63CE4AD3787A /* [CP] Check Pods Manifest.lock */,
				3CDD959E2F56A33A0000C8AA /* Sources */,
				3CDD959F2F56A33A0000C8AA /* Frameworks */,
				3CDD95A02F56A33A0000C8AA /* Resources */,
				7CB868BE3DCE54F8D455FBBF /* [CP] Copy Pods Resources */,
			);
			buildRules = (
			);
			dependencies = (
			);
			fileSystemSynchronizedGroups = (
				3CDD95A42F56A33A0000C8AA /* YandexMapKitSwiftUI */,
			);
			name = YandexMapKitSwiftUI;
			productName = YandexMapKitSwiftUI;
			productReference = 3CDD95A22F56A33A0000C8AA /* YandexMapKitSwiftUI.app */;
			productType = "com.apple.product-type.application";
		};
		3CDD95AE2F56A33C0000C8AA /* YandexMapKitSwiftUITests */ = {
			isa = PBXNativeTarget;
			buildConfigurationList = 3CDD95C62F56A33C0000C8AA /* Build configuration list for PBXNativeTarget "YandexMapKitSwiftUITests" */;
			buildPhases = (
				A2CAEAD7ADA84677E9DC819D /* [CP] Check Pods Manifest.lock */,
				3CDD95AB2F56A33C0000C8AA /* Sources */,
				3CDD95AC2F56A33C0000C8AA /* Frameworks */,
				3CDD95AD2F56A33C0000C8AA /* Resources */,
			);
			buildRules = (
			);
			dependencies = (
				3CDD95B12F56A33C0000C8AA /* PBXTargetDependency */,
			);
			fileSystemSynchronizedGroups = (
				3CDD95B22F56A33C0000C8AA /* YandexMapKitSwiftUITests */,
			);
			name = YandexMapKitSwiftUITests;
			productName = YandexMapKitSwiftUITests;
			productReference = 3CDD95AF2F56A33C0000C8AA /* YandexMapKitSwiftUITests.xctest */;
			productType = "com.apple.product-type.bundle.unit-test";
		};
		3CDD95B82F56A33C0000C8AA /* YandexMapKitSwiftUIUITests */ = {
			isa = PBXNativeTarget;
			buildConfigurationList = 3CDD95C92F56A33C0000C8AA /* Build configuration list for PBXNativeTarget "YandexMapKitSwiftUIUITests" */;
			buildPhases = (
				97C8D1A97004E3F94A955CBF /* [CP] Check Pods Manifest.lock */,
				3CDD95B52F56A33C0000C8AA /* Sources */,
				3CDD95B62F56A33C0000C8AA /* Frameworks */,
				3CDD95B72F56A33C0000C8AA /* Resources */,
				335CA70DB4183D90A5BDCE3A /* [CP] Copy Pods Resources */,
			);
			buildRules = (
			);
			dependencies = (
				3CDD95BB2F56A33C0000C8AA /* PBXTargetDependency */,
			);
			fileSystemSynchronizedGroups = (
				3CDD95BC2F56A33C0000C8AA /* YandexMapKitSwiftUIUITests */,
			);
			name = YandexMapKitSwiftUIUITests;
			productName = YandexMapKitSwiftUIUITests;
			productReference = 3CDD95B92F56A33C0000C8AA /* YandexMapKitSwiftUIUITests.xctest */;
			productType = "com.apple.product-type.bundle.ui-testing";
		};
/* End PBXNativeTarget section */

/* Begin PBXProject section */
		3CDD959A2F56A33A0000C8AA /* Project object */ = {
			isa = PBXProject;
			attributes = {
				BuildIndependentTargetsInParallel = 1;
				LastSwiftUpdateCheck = 2620;
				LastUpgradeCheck = 2620;
				TargetAttributes = {
					3CDD95A12F56A33A0000C8AA = {
						CreatedOnToolsVersion = 26.2;
					};
					3CDD95AE2F56A33C0000C8AA = {
						CreatedOnToolsVersion = 26.2;
						TestTargetID = 3CDD95A12F56A33A0000C8AA;
					};
					3CDD95B82F56A33C0000C8AA = {
						CreatedOnToolsVersion = 26.2;
						TestTargetID = 3CDD95A12F56A33A0000C8AA;
					};
				};
			};
			buildConfigurationList = 3CDD959D2F56A33A0000C8AA /* Build configuration list for PBXProject "YandexMapKitSwiftUI" */;
			developmentRegion = en;
			hasScannedForEncodings = 0;
			knownRegions = (
				en,
				Base,
			);
			mainGroup = 3CDD95992F56A33A0000C8AA;
			minimizedProjectReferenceProxies = 1;
			preferredProjectObjectVersion = 77;
			productRefGroup = 3CDD95A32F56A33A0000C8AA /* Products */;
			projectDirPath = "";
			projectRoot = "";
			targets = (
				3CDD95A12F56A33A0000C8AA /* YandexMapKitSwiftUI */,
				3CDD95AE2F56A33C0000C8AA /* YandexMapKitSwiftUITests */,
				3CDD95B82F56A33C0000C8AA /* YandexMapKitSwiftUIUITests */,
			);
		};
/* End PBXProject section */

/* Begin PBXResourcesBuildPhase section */
		3CDD95A02F56A33A0000C8AA /* Resources */ = {
			isa = PBXResourcesBuildPhase;
			buildActionMask = 2147483647;
			files = (
			);
			runOnlyForDeploymentPostprocessing = 0;
		};
		3CDD95AD2F56A33C0000C8AA /* Resources */ = {
			isa = PBXResourcesBuildPhase;
			buildActionMask = 2147483647;
			files = (
			);
			runOnlyForDeploymentPostprocessing = 0;
		};
		3CDD95B72F56A33C0000C8AA /* Resources */ = {
			isa = PBXResourcesBuildPhase;
			buildActionMask = 2147483647;
			files = (
			);
			runOnlyForDeploymentPostprocessing = 0;
		};
/* End PBXResourcesBuildPhase section */

/* Begin PBXShellScriptBuildPhase section */
		335CA70DB4183D90A5BDCE3A /* [CP] Copy Pods Resources */ = {
			isa = PBXShellScriptBuildPhase;
			buildActionMask = 2147483647;
			files = (
			);
			inputFileListPaths = (
				"${PODS_ROOT}/Target Support Files/Pods-YandexMapKitSwiftUI-YandexMapKitSwiftUIUITests/Pods-YandexMapKitSwiftUI-YandexMapKitSwiftUIUITests-resources-${CONFIGURATION}-input-files.xcfilelist",
			);
			inputPaths = (
			);
			name = "[CP] Copy Pods Resources";
			outputFileListPaths = (
				"${PODS_ROOT}/Target Support Files/Pods-YandexMapKitSwiftUI-YandexMapKitSwiftUIUITests/Pods-YandexMapKitSwiftUI-YandexMapKitSwiftUIUITests-resources-${CONFIGURATION}-output-files.xcfilelist",
			);
			outputPaths = (
			);
			runOnlyForDeploymentPostprocessing = 0;
			shellPath = /bin/sh;
			shellScript = "\"${PODS_ROOT}/Target Support Files/Pods-YandexMapKitSwiftUI-YandexMapKitSwiftUIUITests/Pods-YandexMapKitSwiftUI-YandexMapKitSwiftUIUITests-resources.sh\"\n";
			showEnvVarsInLog = 0;
		};
		7CB868BE3DCE54F8D455FBBF /* [CP] Copy Pods Resources */ = {
			isa = PBXShellScriptBuildPhase;
			buildActionMask = 2147483647;
			files = (
			);
			inputFileListPaths = (
				"${PODS_ROOT}/Target Support Files/Pods-YandexMapKitSwiftUI/Pods-YandexMapKitSwiftUI-resources-${CONFIGURATION}-input-files.xcfilelist",
			);
			inputPaths = (
			);
			name = "[CP] Copy Pods Resources";
			outputFileListPaths = (
				"${PODS_ROOT}/Target Support Files/Pods-YandexMapKitSwiftUI/Pods-YandexMapKitSwiftUI-resources-${CONFIGURATION}-output-files.xcfilelist",
			);
			outputPaths = (
			);
			runOnlyForDeploymentPostprocessing = 0;
			shellPath = /bin/sh;
			shellScript = "\"${PODS_ROOT}/Target Support Files/Pods-YandexMapKitSwiftUI/Pods-YandexMapKitSwiftUI-resources.sh\"\n";
			showEnvVarsInLog = 0;
		};
		97C8D1A97004E3F94A955CBF /* [CP] Check Pods Manifest.lock */ = {
			isa = PBXShellScriptBuildPhase;
			buildActionMask = 2147483647;
			files = (
			);
			inputFileListPaths = (
			);
			inputPaths = (
				"${PODS_PODFILE_DIR_PATH}/Podfile.lock",
				"${PODS_ROOT}/Manifest.lock",
			);
			name = "[CP] Check Pods Manifest.lock";
			outputFileListPaths = (
			);
			outputPaths = (
				"$(DERIVED_FILE_DIR)/Pods-YandexMapKitSwiftUI-YandexMapKitSwiftUIUITests-checkManifestLockResult.txt",
			);
			runOnlyForDeploymentPostprocessing = 0;
			shellPath = /bin/sh;
			shellScript = "diff \"${PODS_PODFILE_DIR_PATH}/Podfile.lock\" \"${PODS_ROOT}/Manifest.lock\" > /dev/null\nif [ $? != 0 ] ; then\n    # print error to STDERR\n    echo \"error: The sandbox is not in sync with the Podfile.lock. Run 'pod install' or update your CocoaPods installation.\" >&2\n    exit 1\nfi\n# This output is used by Xcode 'outputs' to avoid re-running this script phase.\necho \"SUCCESS\" > \"${SCRIPT_OUTPUT_FILE_0}\"\n";
			showEnvVarsInLog = 0;
		};
		A2CAEAD7ADA84677E9DC819D /* [CP] Check Pods Manifest.lock */ = {
			isa = PBXShellScriptBuildPhase;
			buildActionMask = 2147483647;
			files = (
			);
			inputFileListPaths = (
			);
			inputPaths = (
				"${PODS_PODFILE_DIR_PATH}/Podfile.lock",
				"${PODS_ROOT}/Manifest.lock",
			);
			name = "[CP] Check Pods Manifest.lock";
			outputFileListPaths = (
			);
			outputPaths = (
				"$(DERIVED_FILE_DIR)/Pods-YandexMapKitSwiftUITests-checkManifestLockResult.txt",
			);
			runOnlyForDeploymentPostprocessing = 0;
			shellPath = /bin/sh;
			shellScript = "diff \"${PODS_PODFILE_DIR_PATH}/Podfile.lock\" \"${PODS_ROOT}/Manifest.lock\" > /dev/null\nif [ $? != 0 ] ; then\n    # print error to STDERR\n    echo \"error: The sandbox is not in sync with the Podfile.lock. Run 'pod install' or update your CocoaPods installation.\" >&2\n    exit 1\nfi\n# This output is used by Xcode 'outputs' to avoid re-running this script phase.\necho \"SUCCESS\" > \"${SCRIPT_OUTPUT_FILE_0}\"\n";
			showEnvVarsInLog = 0;
		};
		D03D7D88039C63CE4AD3787A /* [CP] Check Pods Manifest.lock */ = {
			isa = PBXShellScriptBuildPhase;
			buildActionMask = 2147483647;
			files = (
			);
			inputFileListPaths = (
			);
			inputPaths = (
				"${PODS_PODFILE_DIR_PATH}/Podfile.lock",
				"${PODS_ROOT}/Manifest.lock",
			);
			name = "[CP] Check Pods Manifest.lock";
			outputFileListPaths = (
			);
			outputPaths = (
				"$(DERIVED_FILE_DIR)/Pods-YandexMapKitSwiftUI-checkManifestLockResult.txt",
			);
			runOnlyForDeploymentPostprocessing = 0;
			shellPath = /bin/sh;
			shellScript = "diff \"${PODS_PODFILE_DIR_PATH}/Podfile.lock\" \"${PODS_ROOT}/Manifest.lock\" > /dev/null\nif [ $? != 0 ] ; then\n    # print error to STDERR\n    echo \"error: The sandbox is not in sync with the Podfile.lock. Run 'pod install' or update your CocoaPods installation.\" >&2\n    exit 1\nfi\n# This output is used by Xcode 'outputs' to avoid re-running this script phase.\necho \"SUCCESS\" > \"${SCRIPT_OUTPUT_FILE_0}\"\n";
			showEnvVarsInLog = 0;
		};
/* End PBXShellScriptBuildPhase section */

/* Begin PBXSourcesBuildPhase section */
		3CDD959E2F56A33A0000C8AA /* Sources */ = {
			isa = PBXSourcesBuildPhase;
			buildActionMask = 2147483647;
			files = (
			);
			runOnlyForDeploymentPostprocessing = 0;
		};
		3CDD95AB2F56A33C0000C8AA /* Sources */ = {
			isa = PBXSourcesBuildPhase;
			buildActionMask = 2147483647;
			files = (
			);
			runOnlyForDeploymentPostprocessing = 0;
		};
		3CDD95B52F56A33C0000C8AA /* Sources */ = {
			isa = PBXSourcesBuildPhase;
			buildActionMask = 2147483647;
			files = (
			);
			runOnlyForDeploymentPostprocessing = 0;
		};
/* End PBXSourcesBuildPhase section */

/* Begin PBXTargetDependency section */
		3CDD95B12F56A33C0000C8AA /* PBXTargetDependency */ = {
			isa = PBXTargetDependency;
			target = 3CDD95A12F56A33A0000C8AA /* YandexMapKitSwiftUI */;
			targetProxy = 3CDD95B02F56A33C0000C8AA /* PBXContainerItemProxy */;
		};
		3CDD95BB2F56A33C0000C8AA /* PBXTargetDependency */ = {
			isa = PBXTargetDependency;
			target = 3CDD95A12F56A33A0000C8AA /* YandexMapKitSwiftUI */;
			targetProxy = 3CDD95BA2F56A33C0000C8AA /* PBXContainerItemProxy */;
		};
/* End PBXTargetDependency section */

/* Begin XCBuildConfiguration section */
		3CDD95C12F56A33C0000C8AA /* Debug */ = {
			isa = XCBuildConfiguration;
			buildSettings = {
				ALWAYS_SEARCH_USER_PATHS = NO;
				ASSETCATALOG_COMPILER_GENERATE_SWIFT_ASSET_SYMBOL_EXTENSIONS = YES;
				CLANG_ANALYZER_NONNULL = YES;
				CLANG_ANALYZER_NUMBER_OBJECT_CONVERSION = YES_AGGRESSIVE;
				CLANG_CXX_LANGUAGE_STANDARD = "gnu++20";
				CLANG_ENABLE_MODULES = YES;
				CLANG_ENABLE_OBJC_ARC = YES;
				CLANG_ENABLE_OBJC_WEAK = YES;
				CLANG_WARN_BLOCK_CAPTURE_AUTORELEASING = YES;
				CLANG_WARN_BOOL_CONVERSION = YES;
				CLANG_WARN_COMMA = YES;
				CLANG_WARN_CONSTANT_CONVERSION = YES;
				CLANG_WARN_DEPRECATED_OBJC_IMPLEMENTATIONS = YES;
				CLANG_WARN_DIRECT_OBJC_ISA_USAGE = YES_ERROR;
				CLANG_WARN_DOCUMENTATION_COMMENTS = YES;
				CLANG_WARN_EMPTY_BODY = YES;
				CLANG_WARN_ENUM_CONVERSION = YES;
				CLANG_WARN_INFINITE_RECURSION = YES;
				CLANG_WARN_INT_CONVERSION = YES;
				CLANG_WARN_NON_LITERAL_NULL_CONVERSION = YES;
				CLANG_WARN_OBJC_IMPLICIT_RETAIN_SELF = YES;
				CLANG_WARN_OBJC_LITERAL_CONVERSION = YES;
				CLANG_WARN_OBJC_ROOT_CLASS = YES_ERROR;
				CLANG_WARN_QUOTED_INCLUDE_IN_FRAMEWORK_HEADER = YES;
				CLANG_WARN_RANGE_LOOP_ANALYSIS = YES;
				CLANG_WARN_STRICT_PROTOTYPES = YES;
				CLANG_WARN_SUSPICIOUS_MOVE = YES;
				CLANG_WARN_UNGUARDED_AVAILABILITY = YES_AGGRESSIVE;
				CLANG_WARN_UNREACHABLE_CODE = YES;
				CLANG_WARN__DUPLICATE_METHOD_MATCH = YES;
				COPY_PHASE_STRIP = NO;
				DEBUG_INFORMATION_FORMAT = dwarf;
				ENABLE_STRICT_OBJC_MSGSEND = YES;
				ENABLE_TESTABILITY = YES;
				ENABLE_USER_SCRIPT_SANDBOXING = YES;
				GCC_C_LANGUAGE_STANDARD = gnu17;
				GCC_DYNAMIC_NO_PIC = NO;
				GCC_NO_COMMON_BLOCKS = YES;
				GCC_OPTIMIZATION_LEVEL = 0;
				GCC_PREPROCESSOR_DEFINITIONS = (
					"DEBUG=1",
					"$(inherited)",
				);
				GCC_WARN_64_TO_32_BIT_CONVERSION = YES;
				GCC_WARN_ABOUT_RETURN_TYPE = YES_ERROR;
				GCC_WARN_UNDECLARED_SELECTOR = YES;
				GCC_WARN_UNINITIALIZED_AUTOS = YES_AGGRESSIVE;
				GCC_WARN_UNUSED_FUNCTION = YES;
				GCC_WARN_UNUSED_VARIABLE = YES;
				IPHONEOS_DEPLOYMENT_TARGET = 26.2;
				LOCALIZATION_PREFERS_STRING_CATALOGS = YES;
				MTL_ENABLE_DEBUG_INFO = INCLUDE_SOURCE;
				MTL_FAST_MATH = YES;
				ONLY_ACTIVE_ARCH = YES;
				SDKROOT = iphoneos;
				SWIFT_ACTIVE_COMPILATION_CONDITIONS = "DEBUG $(inherited)";
				SWIFT_OPTIMIZATION_LEVEL = "-Onone";
			};
			name = Debug;
		};
		3CDD95C22F56A33C0000C8AA /* Release */ = {
			isa = XCBuildConfiguration;
			buildSettings = {
				ALWAYS_SEARCH_USER_PATHS = NO;
				ASSETCATALOG_COMPILER_GENERATE_SWIFT_ASSET_SYMBOL_EXTENSIONS = YES;
				CLANG_ANALYZER_NONNULL = YES;
				CLANG_ANALYZER_NUMBER_OBJECT_CONVERSION = YES_AGGRESSIVE;
				CLANG_CXX_LANGUAGE_STANDARD = "gnu++20";
				CLANG_ENABLE_MODULES = YES;
				CLANG_ENABLE_OBJC_ARC = YES;
				CLANG_ENABLE_OBJC_WEAK = YES;
				CLANG_WARN_BLOCK_CAPTURE_AUTORELEASING = YES;
				CLANG_WARN_BOOL_CONVERSION = YES;
				CLANG_WARN_COMMA = YES;
				CLANG_WARN_CONSTANT_CONVERSION = YES;
				CLANG_WARN_DEPRECATED_OBJC_IMPLEMENTATIONS = YES;
				CLANG_WARN_DIRECT_OBJC_ISA_USAGE = YES_ERROR;
				CLANG_WARN_DOCUMENTATION_COMMENTS = YES;
				CLANG_WARN_EMPTY_BODY = YES;
				CLANG_WARN_ENUM_CONVERSION = YES;
				CLANG_WARN_INFINITE_RECURSION = YES;
				CLANG_WARN_INT_CONVERSION = YES;
				CLANG_WARN_NON_LITERAL_NULL_CONVERSION = YES;
				CLANG_WARN_OBJC_IMPLICIT_RETAIN_SELF = YES;
				CLANG_WARN_OBJC_LITERAL_CONVERSION = YES;
				CLANG_WARN_OBJC_ROOT_CLASS = YES_ERROR;
				CLANG_WARN_QUOTED_INCLUDE_IN_FRAMEWORK_HEADER = YES;
				CLANG_WARN_RANGE_LOOP_ANALYSIS = YES;
				CLANG_WARN_STRICT_PROTOTYPES = YES;
				CLANG_WARN_SUSPICIOUS_MOVE = YES;
				CLANG_WARN_UNGUARDED_AVAILABILITY = YES_AGGRESSIVE;
				CLANG_WARN_UNREACHABLE_CODE = YES;
				CLANG_WARN__DUPLICATE_METHOD_MATCH = YES;
				COPY_PHASE_STRIP = NO;
				DEBUG_INFORMATION_FORMAT = "dwarf-with-dsym";
				ENABLE_NS_ASSERTIONS = NO;
				ENABLE_STRICT_OBJC_MSGSEND = YES;
				ENABLE_USER_SCRIPT_SANDBOXING = YES;
				GCC_C_LANGUAGE_STANDARD = gnu17;
				GCC_NO_COMMON_BLOCKS = YES;
				GCC_WARN_64_TO_32_BIT_CONVERSION = YES;
				GCC_WARN_ABOUT_RETURN_TYPE = YES_ERROR;
				GCC_WARN_UNDECLARED_SELECTOR = YES;
				GCC_WARN_UNINITIALIZED_AUTOS = YES_AGGRESSIVE;
				GCC_WARN_UNUSED_FUNCTION = YES;
				GCC_WARN_UNUSED_VARIABLE = YES;
				IPHONEOS_DEPLOYMENT_TARGET = 26.2;
				LOCALIZATION_PREFERS_STRING_CATALOGS = YES;
				MTL_ENABLE_DEBUG_INFO = NO;
				MTL_FAST_MATH = YES;
				SDKROOT = iphoneos;
				SWIFT_COMPILATION_MODE = wholemodule;
				VALIDATE_PRODUCT = YES;
			};
			name = Release;
		};
		3CDD95C42F56A33C0000C8AA /* Debug */ = {
			isa = XCBuildConfiguration;
			baseConfigurationReference = 082EF3447C410366EE7D53C1 /* Pods-YandexMapKitSwiftUI.debug.xcconfig */;
			buildSettings = {
				ASSETCATALOG_COMPILER_APPICON_NAME = AppIcon;
				ASSETCATALOG_COMPILER_GLOBAL_ACCENT_COLOR_NAME = AccentColor;
				CODE_SIGN_STYLE = Automatic;
				CURRENT_PROJECT_VERSION = 1;
				ENABLE_PREVIEWS = YES;
				ENABLE_USER_SCRIPT_SANDBOXING = NO;
				GENERATE_INFOPLIST_FILE = YES;
				INFOPLIST_FILE = YandexMapKitSwiftUI/Info.plist;
				INFOPLIST_KEY_CFBundleDisplayName = "Yandex MapKit Demo";
				INFOPLIST_KEY_LSApplicationCategoryType = "public.app-category.navigation";
				INFOPLIST_KEY_NSLocationWhenInUseUsageDescription = "Для корректного определения вашего местоположения";
				INFOPLIST_KEY_UIApplicationSceneManifest_Generation = YES;
				INFOPLIST_KEY_UIApplicationSupportsIndirectInputEvents = YES;
				INFOPLIST_KEY_UILaunchScreen_Generation = YES;
				INFOPLIST_KEY_UISupportedInterfaceOrientations_iPad = "UIInterfaceOrientationPortrait UIInterfaceOrientationPortraitUpsideDown UIInterfaceOrientationLandscapeLeft UIInterfaceOrientationLandscapeRight";
				INFOPLIST_KEY_UISupportedInterfaceOrientations_iPhone = "UIInterfaceOrientationPortrait UIInterfaceOrientationLandscapeLeft UIInterfaceOrientationLandscapeRight";
				LD_RUNPATH_SEARCH_PATHS = (
					"$(inherited)",
					"@executable_path/Frameworks",
				);
				MARKETING_VERSION = 1.0;
				PRODUCT_BUNDLE_IDENTIFIER = "volk-r.YandexMapKitSwiftUI";
				PRODUCT_NAME = "$(TARGET_NAME)";
				STRING_CATALOG_GENERATE_SYMBOLS = YES;
				SWIFT_APPROACHABLE_CONCURRENCY = YES;
				SWIFT_DEFAULT_ACTOR_ISOLATION = MainActor;
				SWIFT_EMIT_LOC_STRINGS = YES;
				SWIFT_UPCOMING_FEATURE_MEMBER_IMPORT_VISIBILITY = YES;
				SWIFT_VERSION = 5.0;
				TARGETED_DEVICE_FAMILY = "1,2";
			};
			name = Debug;
		};
		3CDD95C52F56A33C0000C8AA /* Release */ = {
			isa = XCBuildConfiguration;
			baseConfigurationReference = 54BB391EF2778D3382268862 /* Pods-YandexMapKitSwiftUI.release.xcconfig */;
			buildSettings = {
				ASSETCATALOG_COMPILER_APPICON_NAME = AppIcon;
				ASSETCATALOG_COMPILER_GLOBAL_ACCENT_COLOR_NAME = AccentColor;
				CODE_SIGN_STYLE = Automatic;
				CURRENT_PROJECT_VERSION = 1;
				ENABLE_PREVIEWS = YES;
				ENABLE_USER_SCRIPT_SANDBOXING = NO;
				GENERATE_INFOPLIST_FILE = YES;
				INFOPLIST_FILE = YandexMapKitSwiftUI/Info.plist;
				INFOPLIST_KEY_CFBundleDisplayName = "Yandex MapKit Demo";
				INFOPLIST_KEY_LSApplicationCategoryType = "public.app-category.navigation";
				INFOPLIST_KEY_NSLocationWhenInUseUsageDescription = "Для корректного определения вашего местоположения";
				INFOPLIST_KEY_UIApplicationSceneManifest_Generation = YES;
				INFOPLIST_KEY_UIApplicationSupportsIndirectInputEvents = YES;
				INFOPLIST_KEY_UILaunchScreen_Generation = YES;
				INFOPLIST_KEY_UISupportedInterfaceOrientations_iPad = "UIInterfaceOrientationPortrait UIInterfaceOrientationPortraitUpsideDown UIInterfaceOrientationLandscapeLeft UIInterfaceOrientationLandscapeRight";
				INFOPLIST_KEY_UISupportedInterfaceOrientations_iPhone = "UIInterfaceOrientationPortrait UIInterfaceOrientationLandscapeLeft UIInterfaceOrientationLandscapeRight";
				LD_RUNPATH_SEARCH_PATHS = (
					"$(inherited)",
					"@executable_path/Frameworks",
				);
				MARKETING_VERSION = 1.0;
				PRODUCT_BUNDLE_IDENTIFIER = "volk-r.YandexMapKitSwiftUI";
				PRODUCT_NAME = "$(TARGET_NAME)";
				STRING_CATALOG_GENERATE_SYMBOLS = YES;
				SWIFT_APPROACHABLE_CONCURRENCY = YES;
				SWIFT_DEFAULT_ACTOR_ISOLATION = MainActor;
				SWIFT_EMIT_LOC_STRINGS = YES;
				SWIFT_UPCOMING_FEATURE_MEMBER_IMPORT_VISIBILITY = YES;
				SWIFT_VERSION = 5.0;
				TARGETED_DEVICE_FAMILY = "1,2";
			};
			name = Release;
		};
		3CDD95C72F56A33C0000C8AA /* Debug */ = {
			isa = XCBuildConfiguration;
			baseConfigurationReference = 470AA2831BD2AB99B2E4E708 /* Pods-YandexMapKitSwiftUITests.debug.xcconfig */;
			buildSettings = {
				BUNDLE_LOADER = "$(TEST_HOST)";
				CODE_SIGN_STYLE = Automatic;
				CURRENT_PROJECT_VERSION = 1;
				GENERATE_INFOPLIST_FILE = YES;
				IPHONEOS_DEPLOYMENT_TARGET = 26.2;
				MARKETING_VERSION = 1.0;
				PRODUCT_BUNDLE_IDENTIFIER = "volk-r.YandexMapKitSwiftUITests";
				PRODUCT_NAME = "$(TARGET_NAME)";
				STRING_CATALOG_GENERATE_SYMBOLS = NO;
				SWIFT_APPROACHABLE_CONCURRENCY = YES;
				SWIFT_EMIT_LOC_STRINGS = NO;
				SWIFT_UPCOMING_FEATURE_MEMBER_IMPORT_VISIBILITY = YES;
				SWIFT_VERSION = 5.0;
				TARGETED_DEVICE_FAMILY = "1,2";
				TEST_HOST = "$(BUILT_PRODUCTS_DIR)/YandexMapKitSwiftUI.app/$(BUNDLE_EXECUTABLE_FOLDER_PATH)/YandexMapKitSwiftUI";
			};
			name = Debug;
		};
		3CDD95C82F56A33C0000C8AA /* Release */ = {
			isa = XCBuildConfiguration;
			baseConfigurationReference = 7198E4BF7C3CF2C0D9E22E89 /* Pods-YandexMapKitSwiftUITests.release.xcconfig */;
			buildSettings = {
				BUNDLE_LOADER = "$(TEST_HOST)";
				CODE_SIGN_STYLE = Automatic;
				CURRENT_PROJECT_VERSION = 1;
				GENERATE_INFOPLIST_FILE = YES;
				IPHONEOS_DEPLOYMENT_TARGET = 26.2;
				MARKETING_VERSION = 1.0;
				PRODUCT_BUNDLE_IDENTIFIER = "volk-r.YandexMapKitSwiftUITests";
				PRODUCT_NAME = "$(TARGET_NAME)";
				STRING_CATALOG_GENERATE_SYMBOLS = NO;
				SWIFT_APPROACHABLE_CONCURRENCY = YES;
				SWIFT_EMIT_LOC_STRINGS = NO;
				SWIFT_UPCOMING_FEATURE_MEMBER_IMPORT_VISIBILITY = YES;
				SWIFT_VERSION = 5.0;
				TARGETED_DEVICE_FAMILY = "1,2";
				TEST_HOST = "$(BUILT_PRODUCTS_DIR)/YandexMapKitSwiftUI.app/$(BUNDLE_EXECUTABLE_FOLDER_PATH)/YandexMapKitSwiftUI";
			};
			name = Release;
		};
		3CDD95CA2F56A33C0000C8AA /* Debug */ = {
			isa = XCBuildConfiguration;
			baseConfigurationReference = 61F14F3BDE36AE111D28B722 /* Pods-YandexMapKitSwiftUI-YandexMapKitSwiftUIUITests.debug.xcconfig */;
			buildSettings = {
				CODE_SIGN_STYLE = Automatic;
				CURRENT_PROJECT_VERSION = 1;
				GENERATE_INFOPLIST_FILE = YES;
				MARKETING_VERSION = 1.0;
				PRODUCT_BUNDLE_IDENTIFIER = "volk-r.YandexMapKitSwiftUIUITests";
				PRODUCT_NAME = "$(TARGET_NAME)";
				STRING_CATALOG_GENERATE_SYMBOLS = NO;
				SWIFT_APPROACHABLE_CONCURRENCY = YES;
				SWIFT_EMIT_LOC_STRINGS = NO;
				SWIFT_UPCOMING_FEATURE_MEMBER_IMPORT_VISIBILITY = YES;
				SWIFT_VERSION = 5.0;
				TARGETED_DEVICE_FAMILY = "1,2";
				TEST_TARGET_NAME = YandexMapKitSwiftUI;
			};
			name = Debug;
		};
		3CDD95CB2F56A33C0000C8AA /* Release */ = {
			isa = XCBuildConfiguration;
			baseConfigurationReference = D023FB3AB00DE9A651C1337B /* Pods-YandexMapKitSwiftUI-YandexMapKitSwiftUIUITests.release.xcconfig */;
			buildSettings = {
				CODE_SIGN_STYLE = Automatic;
				CURRENT_PROJECT_VERSION = 1;
				GENERATE_INFOPLIST_FILE = YES;
				MARKETING_VERSION = 1.0;
				PRODUCT_BUNDLE_IDENTIFIER = "volk-r.YandexMapKitSwiftUIUITests";
				PRODUCT_NAME = "$(TARGET_NAME)";
				STRING_CATALOG_GENERATE_SYMBOLS = NO;
				SWIFT_APPROACHABLE_CONCURRENCY = YES;
				SWIFT_EMIT_LOC_STRINGS = NO;
				SWIFT_UPCOMING_FEATURE_MEMBER_IMPORT_VISIBILITY = YES;
				SWIFT_VERSION = 5.0;
				TARGETED_DEVICE_FAMILY = "1,2";
				TEST_TARGET_NAME = YandexMapKitSwiftUI;
			};
			name = Release;
		};
/* End XCBuildConfiguration section */

/* Begin XCConfigurationList section */
		3CDD959D2F56A33A0000C8AA /* Build configuration list for PBXProject "YandexMapKitSwiftUI" */ = {
			isa = XCConfigurationList;
			buildConfigurations = (
				3CDD95C12F56A33C0000C8AA /* Debug */,
				3CDD95C22F56A33C0000C8AA /* Release */,
			);
			defaultConfigurationIsVisible = 0;
			defaultConfigurationName = Release;
		};
		3CDD95C32F56A33C0000C8AA /* Build configuration list for PBXNativeTarget "YandexMapKitSwiftUI" */ = {
			isa = XCConfigurationList;
			buildConfigurations = (
				3CDD95C42F56A33C0000C8AA /* Debug */,
				3CDD95C52F56A33C0000C8AA /* Release */,
			);
			defaultConfigurationIsVisible = 0;
			defaultConfigurationName = Release;
		};
		3CDD95C62F56A33C0000C8AA /* Build configuration list for PBXNativeTarget "YandexMapKitSwiftUITests" */ = {
			isa = XCConfigurationList;
			buildConfigurations = (
				3CDD95C72F56A33C0000C8AA /* Debug */,
				3CDD95C82F56A33C0000C8AA /* Release */,
			);
			defaultConfigurationIsVisible = 0;
			defaultConfigurationName = Release;
		};
		3CDD95C92F56A33C0000C8AA /* Build configuration list for PBXNativeTarget "YandexMapKitSwiftUIUITests" */ = {
			isa = XCConfigurationList;
			buildConfigurations = (
				3CDD95CA2F56A33C0000C8AA /* Debug */,
				3CDD95CB2F56A33C0000C8AA /* Release */,
			);
			defaultConfigurationIsVisible = 0;
			defaultConfigurationName = Release;
		};
/* End XCConfigurationList section */
	};
	rootObject = 3CDD959A2F56A33A0000C8AA /* Project object */;
}
